
Microsoft Visual Studio Solution File, Format Version 12.00
# Visual Studio Version 17
VisualStudioVersion = 17.6.33829.357
MinimumVisualStudioVersion = 10.0.40219.1
Project("{FAE04EC0-301F-11D3-BF4B-00C04F79EFBC}") = "SignIn.Server", "SignIn\Server\SignIn.Server.csproj", "{EADDB742-A916-48D2-9C53-636570C94799}"
EndProject
Project("{FAE04EC0-301F-11D3-BF4B-00C04F79EFBC}") = "SignIn.Client", "SignIn\Client\SignIn.Client.csproj", "{71AC42A1-AAAB-45DB-8884-9B5D10DBBA86}"
EndProject
Project("{FAE04EC0-301F-11D3-BF4B-00C04F79EFBC}") = "SignIn.Shared", "SignIn\Shared\SignIn.Shared.csproj", "{C03DBBFD-73C6-4A98-93A9-1B881891BD68}"
EndProject
Global
	GlobalSection(SolutionConfigurationPlatforms) = preSolution
		Debug|Any CPU = Debug|Any CPU
		Release|Any CPU = Release|Any CPU
	EndGlobalSection
	GlobalSection(ProjectConfigurationPlatforms) = postSolution
		{EADDB742-A916-48D2-9C53-636570C94799}.Debug|Any CPU.ActiveCfg = Debug|Any CPU
		{EADDB742-A916-48D2-9C53-636570C94799}.Debug|Any CPU.Build.0 = Debug|Any CPU
		{EADDB742-A916-48D2-9C53-636570C94799}.Release|Any CPU.ActiveCfg = Release|Any CPU
		{EADDB742-A916-48D2-9C53-636570C94799}.Release|Any CPU.Build.0 = Release|Any CPU
		{71AC42A1-AAAB-45DB-8884-9B5D10DBBA86}.Debug|Any CPU.ActiveCfg = Debug|Any CPU
		{71AC42A1-AAAB-45DB-8884-9B5D10DBBA86}.Debug|Any CPU.Build.0 = Debug|Any CPU
		{71AC42A1-AAAB-45DB-8884-9B5D10DBBA86}.Release|Any CPU.ActiveCfg = Release|Any CPU
		{71AC42A1-AAAB-45DB-8884-9B5D10DBBA86}.Release|Any CPU.Build.0 = Release|Any CPU
		{C03DBBFD-73C6-4A98-93A9-1B881891BD68}.Debug|Any CPU.ActiveCfg = Debug|Any CPU
		{C03DBBFD-73C6-4A98-93A9-1B881891BD68}.Debug|Any CPU.Build.0 = Debug|Any CPU
		{C03DBBFD-73C6-4A98-93A9-1B881891BD68}.Release|Any CPU.ActiveCfg = Release|Any CPU
		{C03DBBFD-73C6-4A98-93A9-1B881891BD68}.Release|Any CPU.Build.0 = Release|Any CPU
	EndGlobalSection
	GlobalSection(SolutionProperties) = preSolution
		HideSolutionNode = FALSE
	EndGlobalSection
	GlobalSection(ExtensibilityGlobals) = postSolution
		SolutionGuid = {3B3A7C16-88A3-4AEE-A066-891792E60B74}
	EndGlobalSection
EndGlobal
